// !$*UTF8*$!
{
	archiveVersion = 1;
	classes = {
	};
	objectVersion = 46;
	objects = {

/* Begin PBXBuildFile section */
		A526F57014D13C130075A1F9 /* Cocoa.framework in Frameworks */ = {isa = PBXBuildFile; fileRef = A53EDB3813E458D500274EC2 /* Cocoa.framework */; };
		A526F57614D13C130075A1F9 /* InfoPlist.strings in Resources */ = {isa = PBXBuildFile; fileRef = A526F57414D13C130075A1F9 /* InfoPlist.strings */; };
		A53EDB3913E458D500274EC2 /* Cocoa.framework in Frameworks */ = {isa = PBXBuildFile; fileRef = A53EDB3813E458D500274EC2 /* Cocoa.framework */; };
		A53EDB4313E458D500274EC2 /* InfoPlist.strings in Resources */ = {isa = PBXBuildFile; fileRef = A53EDB4113E458D500274EC2 /* InfoPlist.strings */; };
		A53EDB4513E458D500274EC2 /* main.m in Sources */ = {isa = PBXBuildFile; fileRef = A53EDB4413E458D500274EC2 /* main.m */; };
		A53EDB4913E458D500274EC2 /* Credits.rtf in Resources */ = {isa = PBXBuildFile; fileRef = A53EDB4713E458D500274EC2 /* Credits.rtf */; };
		A53EDB4C13E458D500274EC2 /* LionScrollbarsAppDelegate.m in Sources */ = {isa = PBXBuildFile; fileRef = A53EDB4B13E458D500274EC2 /* LionScrollbarsAppDelegate.m */; };
		A53EDB4F13E458D500274EC2 /* MainMenu.xib in Resources */ = {isa = PBXBuildFile; fileRef = A53EDB4D13E458D500274EC2 /* MainMenu.xib */; };
		A53EDB5B13E50ACD00274EC2 /* PopUpButtonCellView.m in Sources */ = {isa = PBXBuildFile; fileRef = A53EDB5A13E50ACD00274EC2 /* PopUpButtonCellView.m */; };
		A53EDB5D13E57A5C00274EC2 /* CoreFoundation.framework in Frameworks */ = {isa = PBXBuildFile; fileRef = A53EDB5C13E57A5C00274EC2 /* CoreFoundation.framework */; };
		A53EDB6913E5997400274EC2 /* LionScrollbars.icns in Resources */ = {isa = PBXBuildFile; fileRef = A53EDB6813E5997400274EC2 /* LionScrollbars.icns */; };
		A5564D2614C8F3A80007FA0E /* NSRunningApplication+RelaunchAdditions.m in Sources */ = {isa = PBXBuildFile; fileRef = A5564D2514C8F3A80007FA0E /* NSRunningApplication+RelaunchAdditions.m */; };
		A56606A913E64563008C3FE1 /* DefaultsManager.m in Sources */ = {isa = PBXBuildFile; fileRef = A56606A813E64563008C3FE1 /* DefaultsManager.m */; };
		A56B03BE14D13C5D002B858C /* HackedLegacyScroller.m in Sources */ = {isa = PBXBuildFile; fileRef = A56B03B514D13C5D002B858C /* HackedLegacyScroller.m */; };
		A56B03BF14D13C5D002B858C /* HackedOverlayScroller.m in Sources */ = {isa = PBXBuildFile; fileRef = A56B03B714D13C5D002B858C /* HackedOverlayScroller.m */; };
		A56B03C014D13C5D002B858C /* Hacking.m in Sources */ = {isa = PBXBuildFile; fileRef = A56B03B914D13C5D002B858C /* Hacking.m */; };
		A56B03C114D13C5D002B858C /* LSBPlugin.m in Sources */ = {isa = PBXBuildFile; fileRef = A56B03BB14D13C5D002B858C /* LSBPlugin.m */; };
		A56B03C214D13C5D002B858C /* NSScrollerImpHack.m in Sources */ = {isa = PBXBuildFile; fileRef = A56B03BD14D13C5D002B858C /* NSScrollerImpHack.m */; };
		A56B03C514D13CB3002B858C /* image1.jpg in Resources */ = {isa = PBXBuildFile; fileRef = A56B03C414D13CB3002B858C /* image1.jpg */; };
		A56B03C814D13CD2002B858C /* LionScrollbarsSIMBLBundle.bundle in Resources */ = {isa = PBXBuildFile; fileRef = A526F56F14D13C130075A1F9 /* LionScrollbarsSIMBLBundle.bundle */; };
		A56B03C914D13D0F002B858C /* DefaultsManager.m in Sources */ = {isa = PBXBuildFile; fileRef = A56606A813E64563008C3FE1 /* DefaultsManager.m */; };
		A56B03CB14D13D37002B858C /* FScript.framework in Frameworks */ = {isa = PBXBuildFile; fileRef = A56B03CA14D13D37002B858C /* FScript.framework */; };
		A56B03D614D142E2002B858C /* Cocoa.framework in Frameworks */ = {isa = PBXBuildFile; fileRef = A53EDB3813E458D500274EC2 /* Cocoa.framework */; };
		A56B03DC14D142E2002B858C /* InfoPlist.strings in Resources */ = {isa = PBXBuildFile; fileRef = A56B03DA14D142E2002B858C /* InfoPlist.strings */; };
		A56B03EC14D14349002B858C /* HackedOverlayScroller.m in Sources */ = {isa = PBXBuildFile; fileRef = A56B03E314D14349002B858C /* HackedOverlayScroller.m */; };
		A56B03ED14D14349002B858C /* Hacking.m in Sources */ = {isa = PBXBuildFile; fileRef = A56B03E514D14349002B858C /* Hacking.m */; };
		A56B03EE14D14349002B858C /* LSBPlugin.m in Sources */ = {isa = PBXBuildFile; fileRef = A56B03E714D14349002B858C /* LSBPlugin.m */; };
		A56B03EF14D14349002B858C /* NSScroller+HackedHooks.m in Sources */ = {isa = PBXBuildFile; fileRef = A56B03E914D14349002B858C /* NSScroller+HackedHooks.m */; };
		A56B03F014D14349002B858C /* NSScrollView+HackedAdditions.m in Sources */ = {isa = PBXBuildFile; fileRef = A56B03EB14D14349002B858C /* NSScrollView+HackedAdditions.m */; };
		A57BBB3014D3C8E600189114 /* HackedScrollersUserDefaults.m in Sources */ = {isa = PBXBuildFile; fileRef = A57BBB2F14D3C8E600189114 /* HackedScrollersUserDefaults.m */; };
		A57BBB3114D3C8F800189114 /* HackedScrollersUserDefaults.m in Sources */ = {isa = PBXBuildFile; fileRef = A57BBB2F14D3C8E600189114 /* HackedScrollersUserDefaults.m */; };
		A57BBB3314D4337900189114 /* SIMBL-0.9.9.pkg in Resources */ = {isa = PBXBuildFile; fileRef = A57BBB3214D4337900189114 /* SIMBL-0.9.9.pkg */; };
		A57BBB3614D4396100189114 /* SIMBL Uninstaller.app in Resources */ = {isa = PBXBuildFile; fileRef = A57BBB3414D4396100189114 /* SIMBL Uninstaller.app */; };
		A57BBB3714D4396100189114 /* SIMBL-License-GNU_GPL_v2.txt in Resources */ = {isa = PBXBuildFile; fileRef = A57BBB3514D4396100189114 /* SIMBL-License-GNU_GPL_v2.txt */; };
		A582E0C614D2A20D0033624B /* LionScrollbarsSIMBLBundle.bundle in Resources */ = {isa = PBXBuildFile; fileRef = A526F56F14D13C130075A1F9 /* LionScrollbarsSIMBLBundle.bundle */; };
		A582E0C914D2ADCD0033624B /* NSObject+DefaultsAdditions.m in Sources */ = {isa = PBXBuildFile; fileRef = A582E0C814D2ADCD0033624B /* NSObject+DefaultsAdditions.m */; };
		A582E0CA14D2AE380033624B /* NSObject+DefaultsAdditions.m in Sources */ = {isa = PBXBuildFile; fileRef = A582E0C814D2ADCD0033624B /* NSObject+DefaultsAdditions.m */; };
		A582E0CE14D2B0D40033624B /* HackedScrollers+DefaultsAdditions.m in Sources */ = {isa = PBXBuildFile; fileRef = A582E0CC14D2AE860033624B /* HackedScrollers+DefaultsAdditions.m */; };
		A582E0D614D302CA0033624B /* DefaultsManager.m in Sources */ = {isa = PBXBuildFile; fileRef = A56606A813E64563008C3FE1 /* DefaultsManager.m */; };
		A59BDBF514C911AC000B6588 /* Localizable.strings in Resources */ = {isa = PBXBuildFile; fileRef = A59BDBF714C911AC000B6588 /* Localizable.strings */; };
		A5AF349B14D13B6E00F292CD /* Cocoa.framework in Frameworks */ = {isa = PBXBuildFile; fileRef = A53EDB3813E458D500274EC2 /* Cocoa.framework */; };
		A5AF34A114D13B6F00F292CD /* InfoPlist.strings in Resources */ = {isa = PBXBuildFile; fileRef = A5AF349F14D13B6F00F292CD /* InfoPlist.strings */; };
		A5AF34A314D13B6F00F292CD /* main.m in Sources */ = {isa = PBXBuildFile; fileRef = A5AF34A214D13B6F00F292CD /* main.m */; };
		A5AF34A714D13B6F00F292CD /* Credits.rtf in Resources */ = {isa = PBXBuildFile; fileRef = A5AF34A514D13B6F00F292CD /* Credits.rtf */; };
		A5AF34AA14D13B6F00F292CD /* ScrollbarInjectAppDelegate.m in Sources */ = {isa = PBXBuildFile; fileRef = A5AF34A914D13B6F00F292CD /* ScrollbarInjectAppDelegate.m */; };
		A5AF34AD14D13B6F00F292CD /* MainMenu.xib in Resources */ = {isa = PBXBuildFile; fileRef = A5AF34AB14D13B6F00F292CD /* MainMenu.xib */; };
		A5CC753814D28DF500E35F28 /* Carbon.framework in Frameworks */ = {isa = PBXBuildFile; fileRef = A5CC753714D28DF500E35F28 /* Carbon.framework */; };
		A5DE3EB413F8161000113727 /* LionScrollbars.png in Resources */ = {isa = PBXBuildFile; fileRef = A5DE3EB313F8161000113727 /* LionScrollbars.png */; };
		A5E399A813F8E13A001DE87E /* ScrollbarsDefaultsManager.m in Sources */ = {isa = PBXBuildFile; fileRef = A5E399A713F8E13A001DE87E /* ScrollbarsDefaultsManager.m */; };
/* End PBXBuildFile section */

/* Begin PBXContainerItemProxy section */
		A56B03C614D13CCD002B858C /* PBXContainerItemProxy */ = {
			isa = PBXContainerItemProxy;
			containerPortal = A53EDB2B13E458D500274EC2 /* Project object */;
			proxyType = 1;
			remoteGlobalIDString = A526F56E14D13C130075A1F9;
			remoteInfo = LionScrollbarsSIMBLBundleExp;
		};
		A582E0C314D2A2050033624B /* PBXContainerItemProxy */ = {
			isa = PBXContainerItemProxy;
			containerPortal = A53EDB2B13E458D500274EC2 /* Project object */;
			proxyType = 1;
			remoteGlobalIDString = A526F56E14D13C130075A1F9;
			remoteInfo = LionScrollbarsSIMBLBundle;
		};
/* End PBXContainerItemProxy section */

/* Begin PBXFileReference section */
		A526F56F14D13C130075A1F9 /* LionScrollbarsSIMBLBundle.bundle */ = {isa = PBXFileReference; explicitFileType = wrapper.cfbundle; includeInIndex = 0; path = LionScrollbarsSIMBLBundle.bundle; sourceTree = BUILT_PRODUCTS_DIR; };
		A526F57314D13C130075A1F9 /* LionScrollbarsSIMBLBundle-Info.plist */ = {isa = PBXFileReference; lastKnownFileType = text.plist.xml; path = "LionScrollbarsSIMBLBundle-Info.plist"; sourceTree = "<group>"; };
		A526F57514D13C130075A1F9 /* en */ = {isa = PBXFileReference; lastKnownFileType = text.plist.strings; name = en; path = en.lproj/InfoPlist.strings; sourceTree = "<group>"; };
		A526F57714D13C130075A1F9 /* LionScrollbarsSIMBLBundle-Prefix.pch */ = {isa = PBXFileReference; lastKnownFileType = sourcecode.c.h; path = "LionScrollbarsSIMBLBundle-Prefix.pch"; sourceTree = "<group>"; };
		A53EDB3413E458D500274EC2 /* LionScrollbars.app */ = {isa = PBXFileReference; explicitFileType = wrapper.application; includeInIndex = 0; path = LionScrollbars.app; sourceTree = BUILT_PRODUCTS_DIR; };
		A53EDB3813E458D500274EC2 /* Cocoa.framework */ = {isa = PBXFileReference; lastKnownFileType = wrapper.framework; name = Cocoa.framework; path = System/Library/Frameworks/Cocoa.framework; sourceTree = SDKROOT; };
		A53EDB3B13E458D500274EC2 /* AppKit.framework */ = {isa = PBXFileReference; lastKnownFileType = wrapper.framework; name = AppKit.framework; path = System/Library/Frameworks/AppKit.framework; sourceTree = SDKROOT; };
		A53EDB3C13E458D500274EC2 /* CoreData.framework */ = {isa = PBXFileReference; lastKnownFileType = wrapper.framework; name = CoreData.framework; path = System/Library/Frameworks/CoreData.framework; sourceTree = SDKROOT; };
		A53EDB3D13E458D500274EC2 /* Foundation.framework */ = {isa = PBXFileReference; lastKnownFileType = wrapper.framework; name = Foundation.framework; path = System/Library/Frameworks/Foundation.framework; sourceTree = SDKROOT; };
		A53EDB4013E458D500274EC2 /* LionScrollbars-Info.plist */ = {isa = PBXFileReference; lastKnownFileType = text.plist.xml; path = "LionScrollbars-Info.plist"; sourceTree = "<group>"; };
		A53EDB4213E458D500274EC2 /* en */ = {isa = PBXFileReference; lastKnownFileType = text.plist.strings; name = en; path = en.lproj/InfoPlist.strings; sourceTree = "<group>"; };
		A53EDB4413E458D500274EC2 /* main.m */ = {isa = PBXFileReference; lastKnownFileType = sourcecode.c.objc; path = main.m; sourceTree = "<group>"; };
		A53EDB4613E458D500274EC2 /* LionScrollbars-Prefix.pch */ = {isa = PBXFileReference; lastKnownFileType = sourcecode.c.h; path = "LionScrollbars-Prefix.pch"; sourceTree = "<group>"; };
		A53EDB4813E458D500274EC2 /* en */ = {isa = PBXFileReference; lastKnownFileType = text.rtf; name = en; path = en.lproj/Credits.rtf; sourceTree = "<group>"; };
		A53EDB4A13E458D500274EC2 /* LionScrollbarsAppDelegate.h */ = {isa = PBXFileReference; lastKnownFileType = sourcecode.c.h; name = LionScrollbarsAppDelegate.h; path = ../LionScrollbars/LionScrollbarsAppDelegate.h; sourceTree = "<group>"; };
		A53EDB4B13E458D500274EC2 /* LionScrollbarsAppDelegate.m */ = {isa = PBXFileReference; lastKnownFileType = sourcecode.c.objc; name = LionScrollbarsAppDelegate.m; path = ../LionScrollbars/LionScrollbarsAppDelegate.m; sourceTree = "<group>"; };
		A53EDB4E13E458D500274EC2 /* en */ = {isa = PBXFileReference; lastKnownFileType = file.xib; name = en; path = en.lproj/MainMenu.xib; sourceTree = "<group>"; };
		A53EDB5913E50ACD00274EC2 /* PopUpButtonCellView.h */ = {isa = PBXFileReference; fileEncoding = 4; lastKnownFileType = sourcecode.c.h; path = PopUpButtonCellView.h; sourceTree = "<group>"; };
		A53EDB5A13E50ACD00274EC2 /* PopUpButtonCellView.m */ = {isa = PBXFileReference; fileEncoding = 4; lastKnownFileType = sourcecode.c.objc; path = PopUpButtonCellView.m; sourceTree = "<group>"; };
		A53EDB5C13E57A5C00274EC2 /* CoreFoundation.framework */ = {isa = PBXFileReference; lastKnownFileType = wrapper.framework; name = CoreFoundation.framework; path = System/Library/Frameworks/CoreFoundation.framework; sourceTree = SDKROOT; };
		A53EDB6713E5995800274EC2 /* LionScrollbars.entitlements */ = {isa = PBXFileReference; lastKnownFileType = text.xml; name = LionScrollbars.entitlements; path = ../LionScrollbars/LionScrollbars.entitlements; sourceTree = "<group>"; };
		A53EDB6813E5997400274EC2 /* LionScrollbars.icns */ = {isa = PBXFileReference; lastKnownFileType = image.icns; path = LionScrollbars.icns; sourceTree = "<group>"; };
		A53EDB6A13E59CB200274EC2 /* icon.psd */ = {isa = PBXFileReference; lastKnownFileType = file; path = icon.psd; sourceTree = "<group>"; };
		A5564D2414C8F3A80007FA0E /* NSRunningApplication+RelaunchAdditions.h */ = {isa = PBXFileReference; fileEncoding = 4; lastKnownFileType = sourcecode.c.h; path = "NSRunningApplication+RelaunchAdditions.h"; sourceTree = "<group>"; };
		A5564D2514C8F3A80007FA0E /* NSRunningApplication+RelaunchAdditions.m */ = {isa = PBXFileReference; fileEncoding = 4; lastKnownFileType = sourcecode.c.objc; path = "NSRunningApplication+RelaunchAdditions.m"; sourceTree = "<group>"; };
		A56606A713E64563008C3FE1 /* DefaultsManager.h */ = {isa = PBXFileReference; fileEncoding = 4; lastKnownFileType = sourcecode.c.h; name = DefaultsManager.h; path = ../LionScrollbars/DefaultsManager.h; sourceTree = "<group>"; };
		A56606A813E64563008C3FE1 /* DefaultsManager.m */ = {isa = PBXFileReference; fileEncoding = 4; lastKnownFileType = sourcecode.c.objc; name = DefaultsManager.m; path = ../LionScrollbars/DefaultsManager.m; sourceTree = "<group>"; };
		A56B03B414D13C5D002B858C /* HackedLegacyScroller.h */ = {isa = PBXFileReference; fileEncoding = 4; lastKnownFileType = sourcecode.c.h; path = HackedLegacyScroller.h; sourceTree = "<group>"; };
		A56B03B514D13C5D002B858C /* HackedLegacyScroller.m */ = {isa = PBXFileReference; fileEncoding = 4; lastKnownFileType = sourcecode.c.objc; path = HackedLegacyScroller.m; sourceTree = "<group>"; };
		A56B03B614D13C5D002B858C /* HackedOverlayScroller.h */ = {isa = PBXFileReference; fileEncoding = 4; lastKnownFileType = sourcecode.c.h; path = HackedOverlayScroller.h; sourceTree = "<group>"; };
		A56B03B714D13C5D002B858C /* HackedOverlayScroller.m */ = {isa = PBXFileReference; fileEncoding = 4; lastKnownFileType = sourcecode.c.objc; path = HackedOverlayScroller.m; sourceTree = "<group>"; };
		A56B03B814D13C5D002B858C /* Hacking.h */ = {isa = PBXFileReference; fileEncoding = 4; lastKnownFileType = sourcecode.c.h; path = Hacking.h; sourceTree = "<group>"; };
		A56B03B914D13C5D002B858C /* Hacking.m */ = {isa = PBXFileReference; fileEncoding = 4; lastKnownFileType = sourcecode.c.objc; path = Hacking.m; sourceTree = "<group>"; };
		A56B03BA14D13C5D002B858C /* LSBPlugin.h */ = {isa = PBXFileReference; fileEncoding = 4; lastKnownFileType = sourcecode.c.h; path = LSBPlugin.h; sourceTree = "<group>"; };
		A56B03BB14D13C5D002B858C /* LSBPlugin.m */ = {isa = PBXFileReference; fileEncoding = 4; lastKnownFileType = sourcecode.c.objc; path = LSBPlugin.m; sourceTree = "<group>"; };
		A56B03BC14D13C5D002B858C /* NSScrollerImpHack.h */ = {isa = PBXFileReference; fileEncoding = 4; lastKnownFileType = sourcecode.c.h; path = NSScrollerImpHack.h; sourceTree = "<group>"; };
		A56B03BD14D13C5D002B858C /* NSScrollerImpHack.m */ = {isa = PBXFileReference; fileEncoding = 4; lastKnownFileType = sourcecode.c.objc; path = NSScrollerImpHack.m; sourceTree = "<group>"; };
		A56B03C414D13CB3002B858C /* image1.jpg */ = {isa = PBXFileReference; lastKnownFileType = image.jpeg; path = image1.jpg; sourceTree = "<group>"; };
		A56B03CA14D13D37002B858C /* FScript.framework */ = {isa = PBXFileReference; lastKnownFileType = wrapper.framework; name = FScript.framework; path = Library/Frameworks/FScript.framework; sourceTree = SDKROOT; };
		A56B03D514D142E2002B858C /* LionScrollbarsSIMBLBundlePrototype.bundle */ = {isa = PBXFileReference; explicitFileType = wrapper.cfbundle; includeInIndex = 0; path = LionScrollbarsSIMBLBundlePrototype.bundle; sourceTree = BUILT_PRODUCTS_DIR; };
		A56B03D914D142E2002B858C /* LionScrollbarsSIMBLBundlePrototype-Info.plist */ = {isa = PBXFileReference; lastKnownFileType = text.plist.xml; path = "LionScrollbarsSIMBLBundlePrototype-Info.plist"; sourceTree = "<group>"; };
		A56B03DB14D142E2002B858C /* en */ = {isa = PBXFileReference; lastKnownFileType = text.plist.strings; name = en; path = en.lproj/InfoPlist.strings; sourceTree = "<group>"; };
		A56B03DD14D142E2002B858C /* LionScrollbarsSIMBLBundlePrototype-Prefix.pch */ = {isa = PBXFileReference; lastKnownFileType = sourcecode.c.h; path = "LionScrollbarsSIMBLBundlePrototype-Prefix.pch"; sourceTree = "<group>"; };
		A56B03E214D14349002B858C /* HackedOverlayScroller.h */ = {isa = PBXFileReference; fileEncoding = 4; lastKnownFileType = sourcecode.c.h; path = HackedOverlayScroller.h; sourceTree = "<group>"; };
		A56B03E314D14349002B858C /* HackedOverlayScroller.m */ = {isa = PBXFileReference; fileEncoding = 4; lastKnownFileType = sourcecode.c.objc; path = HackedOverlayScroller.m; sourceTree = "<group>"; };
		A56B03E414D14349002B858C /* Hacking.h */ = {isa = PBXFileReference; fileEncoding = 4; lastKnownFileType = sourcecode.c.h; path = Hacking.h; sourceTree = "<group>"; };
		A56B03E514D14349002B858C /* Hacking.m */ = {isa = PBXFileReference; fileEncoding = 4; lastKnownFileType = sourcecode.c.objc; path = Hacking.m; sourceTree = "<group>"; };
		A56B03E614D14349002B858C /* LSBPlugin.h */ = {isa = PBXFileReference; fileEncoding = 4; lastKnownFileType = sourcecode.c.h; path = LSBPlugin.h; sourceTree = "<group>"; };
		A56B03E714D14349002B858C /* LSBPlugin.m */ = {isa = PBXFileReference; fileEncoding = 4; lastKnownFileType = sourcecode.c.objc; path = LSBPlugin.m; sourceTree = "<group>"; };
		A56B03E814D14349002B858C /* NSScroller+HackedHooks.h */ = {isa = PBXFileReference; fileEncoding = 4; lastKnownFileType = sourcecode.c.h; path = "NSScroller+HackedHooks.h"; sourceTree = "<group>"; };
		A56B03E914D14349002B858C /* NSScroller+HackedHooks.m */ = {isa = PBXFileReference; fileEncoding = 4; lastKnownFileType = sourcecode.c.objc; path = "NSScroller+HackedHooks.m"; sourceTree = "<group>"; };
		A56B03EA14D14349002B858C /* NSScrollView+HackedAdditions.h */ = {isa = PBXFileReference; fileEncoding = 4; lastKnownFileType = sourcecode.c.h; path = "NSScrollView+HackedAdditions.h"; sourceTree = "<group>"; };
		A56B03EB14D14349002B858C /* NSScrollView+HackedAdditions.m */ = {isa = PBXFileReference; fileEncoding = 4; lastKnownFileType = sourcecode.c.objc; path = "NSScrollView+HackedAdditions.m"; sourceTree = "<group>"; };
		A57BBB2E14D3C8E600189114 /* HackedScrollersUserDefaults.h */ = {isa = PBXFileReference; fileEncoding = 4; lastKnownFileType = sourcecode.c.h; path = HackedScrollersUserDefaults.h; sourceTree = "<group>"; };
		A57BBB2F14D3C8E600189114 /* HackedScrollersUserDefaults.m */ = {isa = PBXFileReference; fileEncoding = 4; lastKnownFileType = sourcecode.c.objc; path = HackedScrollersUserDefaults.m; sourceTree = "<group>"; };
		A57BBB3214D4337900189114 /* SIMBL-0.9.9.pkg */ = {isa = PBXFileReference; lastKnownFileType = file; name = "SIMBL-0.9.9.pkg"; path = "SIMBL-0.9.9/SIMBL-0.9.9.pkg"; sourceTree = SOURCE_ROOT; };
		A57BBB3414D4396100189114 /* SIMBL Uninstaller.app */ = {isa = PBXFileReference; lastKnownFileType = wrapper.application; name = "SIMBL Uninstaller.app"; path = "SIMBL-0.9.9/SIMBL Uninstaller.app"; sourceTree = SOURCE_ROOT; };
		A57BBB3514D4396100189114 /* SIMBL-License-GNU_GPL_v2.txt */ = {isa = PBXFileReference; fileEncoding = 4; lastKnownFileType = text; name = "SIMBL-License-GNU_GPL_v2.txt"; path = "SIMBL-0.9.9/SIMBL-License-GNU_GPL_v2.txt"; sourceTree = SOURCE_ROOT; };
		A57BBB3914D448C300189114 /* ja */ = {isa = PBXFileReference; lastKnownFileType = file.xib; name = ja; path = ja.lproj/MainMenu.xib; sourceTree = "<group>"; };
		A582E0C714D2ADCD0033624B /* NSObject+DefaultsAdditions.h */ = {isa = PBXFileReference; fileEncoding = 4; lastKnownFileType = sourcecode.c.h; name = "NSObject+DefaultsAdditions.h"; path = "LionScrollbars/NSObject+DefaultsAdditions.h"; sourceTree = SOURCE_ROOT; };
		A582E0C814D2ADCD0033624B /* NSObject+DefaultsAdditions.m */ = {isa = PBXFileReference; fileEncoding = 4; lastKnownFileType = sourcecode.c.objc; name = "NSObject+DefaultsAdditions.m"; path = "LionScrollbars/NSObject+DefaultsAdditions.m"; sourceTree = SOURCE_ROOT; };
		A582E0CB14D2AE860033624B /* HackedScrollers+DefaultsAdditions.h */ = {isa = PBXFileReference; fileEncoding = 4; lastKnownFileType = sourcecode.c.h; path = "HackedScrollers+DefaultsAdditions.h"; sourceTree = "<group>"; };
		A582E0CC14D2AE860033624B /* HackedScrollers+DefaultsAdditions.m */ = {isa = PBXFileReference; fileEncoding = 4; lastKnownFileType = sourcecode.c.objc; path = "HackedScrollers+DefaultsAdditions.m"; sourceTree = "<group>"; };
		A59BDBF614C911AC000B6588 /* en */ = {isa = PBXFileReference; lastKnownFileType = text.plist.strings; name = en; path = en.lproj/Localizable.strings; sourceTree = "<group>"; };
		A59BDBF814C911B4000B6588 /* ja */ = {isa = PBXFileReference; lastKnownFileType = text.plist.strings; name = ja; path = ja.lproj/Localizable.strings; sourceTree = "<group>"; };
		A5AF349914D13B6E00F292CD /* ScrollbarInject.app */ = {isa = PBXFileReference; explicitFileType = wrapper.application; includeInIndex = 0; path = ScrollbarInject.app; sourceTree = BUILT_PRODUCTS_DIR; };
		A5AF349E14D13B6F00F292CD /* ScrollbarInject-Info.plist */ = {isa = PBXFileReference; lastKnownFileType = text.plist.xml; path = "ScrollbarInject-Info.plist"; sourceTree = "<group>"; };
		A5AF34A014D13B6F00F292CD /* en */ = {isa = PBXFileReference; lastKnownFileType = text.plist.strings; name = en; path = en.lproj/InfoPlist.strings; sourceTree = "<group>"; };
		A5AF34A214D13B6F00F292CD /* main.m */ = {isa = PBXFileReference; lastKnownFileType = sourcecode.c.objc; path = main.m; sourceTree = "<group>"; };
		A5AF34A414D13B6F00F292CD /* ScrollbarInject-Prefix.pch */ = {isa = PBXFileReference; lastKnownFileType = sourcecode.c.h; path = "ScrollbarInject-Prefix.pch"; sourceTree = "<group>"; };
		A5AF34A614D13B6F00F292CD /* en */ = {isa = PBXFileReference; lastKnownFileType = text.rtf; name = en; path = en.lproj/Credits.rtf; sourceTree = "<group>"; };
		A5AF34A814D13B6F00F292CD /* ScrollbarInjectAppDelegate.h */ = {isa = PBXFileReference; lastKnownFileType = sourcecode.c.h; path = ScrollbarInjectAppDelegate.h; sourceTree = "<group>"; };
		A5AF34A914D13B6F00F292CD /* ScrollbarInjectAppDelegate.m */ = {isa = PBXFileReference; lastKnownFileType = sourcecode.c.objc; path = ScrollbarInjectAppDelegate.m; sourceTree = "<group>"; };
		A5AF34AC14D13B6F00F292CD /* en */ = {isa = PBXFileReference; lastKnownFileType = file.xib; name = en; path = en.lproj/MainMenu.xib; sourceTree = "<group>"; };
		A5CC753714D28DF500E35F28 /* Carbon.framework */ = {isa = PBXFileReference; lastKnownFileType = wrapper.framework; name = Carbon.framework; path = System/Library/Frameworks/Carbon.framework; sourceTree = SDKROOT; };
		A5DE3EB313F8161000113727 /* LionScrollbars.png */ = {isa = PBXFileReference; lastKnownFileType = image.png; path = LionScrollbars.png; sourceTree = "<group>"; };
		A5E399A613F8E13A001DE87E /* ScrollbarsDefaultsManager.h */ = {isa = PBXFileReference; fileEncoding = 4; lastKnownFileType = sourcecode.c.h; name = ScrollbarsDefaultsManager.h; path = ../LionScrollbars/ScrollbarsDefaultsManager.h; sourceTree = "<group>"; };
		A5E399A713F8E13A001DE87E /* ScrollbarsDefaultsManager.m */ = {isa = PBXFileReference; fileEncoding = 4; lastKnownFileType = sourcecode.c.objc; name = ScrollbarsDefaultsManager.m; path = ../LionScrollbars/ScrollbarsDefaultsManager.m; sourceTree = "<group>"; };
		A5F05C7614B8BEF700E5489A /* ja */ = {isa = PBXFileReference; lastKnownFileType = text.rtf; name = ja; path = ja.lproj/Credits.rtf; sourceTree = "<group>"; };
/* End PBXFileReference section */

/* Begin PBXFrameworksBuildPhase section */
		A526F56C14D13C130075A1F9 /* Frameworks */ = {
			isa = PBXFrameworksBuildPhase;
			buildActionMask = 2147483647;
			files = (
				A526F57014D13C130075A1F9 /* Cocoa.framework in Frameworks */,
			);
			runOnlyForDeploymentPostprocessing = 0;
		};
		A53EDB3113E458D500274EC2 /* Frameworks */ = {
			isa = PBXFrameworksBuildPhase;
			buildActionMask = 2147483647;
			files = (
				A5CC753814D28DF500E35F28 /* Carbon.framework in Frameworks */,
				A53EDB5D13E57A5C00274EC2 /* CoreFoundation.framework in Frameworks */,
				A53EDB3913E458D500274EC2 /* Cocoa.framework in Frameworks */,
			);
			runOnlyForDeploymentPostprocessing = 0;
		};
		A56B03D214D142E2002B858C /* Frameworks */ = {
			isa = PBXFrameworksBuildPhase;
			buildActionMask = 2147483647;
			files = (
				A56B03D614D142E2002B858C /* Cocoa.framework in Frameworks */,
			);
			runOnlyForDeploymentPostprocessing = 0;
		};
		A5AF349614D13B6E00F292CD /* Frameworks */ = {
			isa = PBXFrameworksBuildPhase;
			buildActionMask = 2147483647;
			files = (
				A56B03CB14D13D37002B858C /* FScript.framework in Frameworks */,
				A5AF349B14D13B6E00F292CD /* Cocoa.framework in Frameworks */,
			);
			runOnlyForDeploymentPostprocessing = 0;
		};
/* End PBXFrameworksBuildPhase section */

/* Begin PBXGroup section */
		A526F57114D13C130075A1F9 /* LionScrollbarsSIMBLBundle */ = {
			isa = PBXGroup;
			children = (
				A56B03B414D13C5D002B858C /* HackedLegacyScroller.h */,
				A56B03B514D13C5D002B858C /* HackedLegacyScroller.m */,
				A56B03B614D13C5D002B858C /* HackedOverlayScroller.h */,
				A56B03B714D13C5D002B858C /* HackedOverlayScroller.m */,
				A57BBB2E14D3C8E600189114 /* HackedScrollersUserDefaults.h */,
				A57BBB2F14D3C8E600189114 /* HackedScrollersUserDefaults.m */,
				A582E0CB14D2AE860033624B /* HackedScrollers+DefaultsAdditions.h */,
				A582E0CC14D2AE860033624B /* HackedScrollers+DefaultsAdditions.m */,
				A56B03B814D13C5D002B858C /* Hacking.h */,
				A56B03B914D13C5D002B858C /* Hacking.m */,
				A56B03BA14D13C5D002B858C /* LSBPlugin.h */,
				A56B03BB14D13C5D002B858C /* LSBPlugin.m */,
				A56B03BC14D13C5D002B858C /* NSScrollerImpHack.h */,
				A56B03BD14D13C5D002B858C /* NSScrollerImpHack.m */,
				A526F57214D13C130075A1F9 /* Supporting Files */,
			);
			path = LionScrollbarsSIMBLBundle;
			sourceTree = "<group>";
		};
		A526F57214D13C130075A1F9 /* Supporting Files */ = {
			isa = PBXGroup;
			children = (
				A526F57314D13C130075A1F9 /* LionScrollbarsSIMBLBundle-Info.plist */,
				A526F57414D13C130075A1F9 /* InfoPlist.strings */,
				A526F57714D13C130075A1F9 /* LionScrollbarsSIMBLBundle-Prefix.pch */,
			);
			name = "Supporting Files";
			sourceTree = "<group>";
		};
		A53EDB2913E458D500274EC2 = {
			isa = PBXGroup;
			children = (
				A5CC753714D28DF500E35F28 /* Carbon.framework */,
				A53EDB6A13E59CB200274EC2 /* icon.psd */,
				A5DE3EB313F8161000113727 /* LionScrollbars.png */,
				A53EDB6813E5997400274EC2 /* LionScrollbars.icns */,
				A53EDB5C13E57A5C00274EC2 /* CoreFoundation.framework */,
				A53EDB3E13E458D500274EC2 /* LionScrollbars */,
				A5AF349C14D13B6F00F292CD /* ScrollbarInject */,
				A526F57114D13C130075A1F9 /* LionScrollbarsSIMBLBundle */,
				A56B03D714D142E2002B858C /* LionScrollbarsSIMBLBundlePrototype */,
				A53EDB3713E458D500274EC2 /* Frameworks */,
				A53EDB3513E458D500274EC2 /* Products */,
			);
			sourceTree = "<group>";
		};
		A53EDB3513E458D500274EC2 /* Products */ = {
			isa = PBXGroup;
			children = (
				A53EDB3413E458D500274EC2 /* LionScrollbars.app */,
				A5AF349914D13B6E00F292CD /* ScrollbarInject.app */,
				A526F56F14D13C130075A1F9 /* LionScrollbarsSIMBLBundle.bundle */,
				A56B03D514D142E2002B858C /* LionScrollbarsSIMBLBundlePrototype.bundle */,
			);
			name = Products;
			sourceTree = "<group>";
		};
		A53EDB3713E458D500274EC2 /* Frameworks */ = {
			isa = PBXGroup;
			children = (
				A53EDB3813E458D500274EC2 /* Cocoa.framework */,
				A53EDB3A13E458D500274EC2 /* Other Frameworks */,
			);
			name = Frameworks;
			sourceTree = "<group>";
		};
		A53EDB3A13E458D500274EC2 /* Other Frameworks */ = {
			isa = PBXGroup;
			children = (
				A56B03CA14D13D37002B858C /* FScript.framework */,
				A53EDB3B13E458D500274EC2 /* AppKit.framework */,
				A53EDB3C13E458D500274EC2 /* CoreData.framework */,
				A53EDB3D13E458D500274EC2 /* Foundation.framework */,
			);
			name = "Other Frameworks";
			sourceTree = "<group>";
		};
		A53EDB3E13E458D500274EC2 /* LionScrollbars */ = {
			isa = PBXGroup;
			children = (
				A53EDB6713E5995800274EC2 /* LionScrollbars.entitlements */,
				A53EDB4A13E458D500274EC2 /* LionScrollbarsAppDelegate.h */,
				A53EDB4B13E458D500274EC2 /* LionScrollbarsAppDelegate.m */,
				A5E399A613F8E13A001DE87E /* ScrollbarsDefaultsManager.h */,
				A5E399A713F8E13A001DE87E /* ScrollbarsDefaultsManager.m */,
				A56606A713E64563008C3FE1 /* DefaultsManager.h */,
				A56606A813E64563008C3FE1 /* DefaultsManager.m */,
				A53EDB4D13E458D500274EC2 /* MainMenu.xib */,
				A53EDB3F13E458D500274EC2 /* Supporting Files */,
				A53EDB5913E50ACD00274EC2 /* PopUpButtonCellView.h */,
				A53EDB5A13E50ACD00274EC2 /* PopUpButtonCellView.m */,
				A5564D2414C8F3A80007FA0E /* NSRunningApplication+RelaunchAdditions.h */,
				A5564D2514C8F3A80007FA0E /* NSRunningApplication+RelaunchAdditions.m */,
				A582E0C714D2ADCD0033624B /* NSObject+DefaultsAdditions.h */,
				A582E0C814D2ADCD0033624B /* NSObject+DefaultsAdditions.m */,
			);
			path = LionScrollbars;
			sourceTree = "<group>";
		};
		A53EDB3F13E458D500274EC2 /* Supporting Files */ = {
			isa = PBXGroup;
			children = (
				A57BBB3814D4396600189114 /* SIMBL */,
				A53EDB4013E458D500274EC2 /* LionScrollbars-Info.plist */,
				A53EDB4113E458D500274EC2 /* InfoPlist.strings */,
				A53EDB4413E458D500274EC2 /* main.m */,
				A53EDB4613E458D500274EC2 /* LionScrollbars-Prefix.pch */,
				A53EDB4713E458D500274EC2 /* Credits.rtf */,
				A59BDBF714C911AC000B6588 /* Localizable.strings */,
			);
			name = "Supporting Files";
			sourceTree = "<group>";
		};
		A56B03D714D142E2002B858C /* LionScrollbarsSIMBLBundlePrototype */ = {
			isa = PBXGroup;
			children = (
				A56B03E214D14349002B858C /* HackedOverlayScroller.h */,
				A56B03E314D14349002B858C /* HackedOverlayScroller.m */,
				A56B03E414D14349002B858C /* Hacking.h */,
				A56B03E514D14349002B858C /* Hacking.m */,
				A56B03E614D14349002B858C /* LSBPlugin.h */,
				A56B03E714D14349002B858C /* LSBPlugin.m */,
				A56B03E814D14349002B858C /* NSScroller+HackedHooks.h */,
				A56B03E914D14349002B858C /* NSScroller+HackedHooks.m */,
				A56B03EA14D14349002B858C /* NSScrollView+HackedAdditions.h */,
				A56B03EB14D14349002B858C /* NSScrollView+HackedAdditions.m */,
				A56B03D814D142E2002B858C /* Supporting Files */,
			);
			path = LionScrollbarsSIMBLBundlePrototype;
			sourceTree = "<group>";
		};
		A56B03D814D142E2002B858C /* Supporting Files */ = {
			isa = PBXGroup;
			children = (
				A56B03D914D142E2002B858C /* LionScrollbarsSIMBLBundlePrototype-Info.plist */,
				A56B03DA14D142E2002B858C /* InfoPlist.strings */,
				A56B03DD14D142E2002B858C /* LionScrollbarsSIMBLBundlePrototype-Prefix.pch */,
			);
			name = "Supporting Files";
			sourceTree = "<group>";
		};
		A57BBB3814D4396600189114 /* SIMBL */ = {
			isa = PBXGroup;
			children = (
				A57BBB3414D4396100189114 /* SIMBL Uninstaller.app */,
				A57BBB3514D4396100189114 /* SIMBL-License-GNU_GPL_v2.txt */,
				A57BBB3214D4337900189114 /* SIMBL-0.9.9.pkg */,
			);
			name = SIMBL;
			sourceTree = "<group>";
		};
		A5AF349C14D13B6F00F292CD /* ScrollbarInject */ = {
			isa = PBXGroup;
			children = (
				A5AF34A814D13B6F00F292CD /* ScrollbarInjectAppDelegate.h */,
				A5AF34A914D13B6F00F292CD /* ScrollbarInjectAppDelegate.m */,
				A5AF34AB14D13B6F00F292CD /* MainMenu.xib */,
				A5AF349D14D13B6F00F292CD /* Supporting Files */,
			);
			path = ScrollbarInject;
			sourceTree = "<group>";
		};
		A5AF349D14D13B6F00F292CD /* Supporting Files */ = {
			isa = PBXGroup;
			children = (
				A56B03C414D13CB3002B858C /* image1.jpg */,
				A5AF349E14D13B6F00F292CD /* ScrollbarInject-Info.plist */,
				A5AF349F14D13B6F00F292CD /* InfoPlist.strings */,
				A5AF34A214D13B6F00F292CD /* main.m */,
				A5AF34A414D13B6F00F292CD /* ScrollbarInject-Prefix.pch */,
				A5AF34A514D13B6F00F292CD /* Credits.rtf */,
			);
			name = "Supporting Files";
			sourceTree = "<group>";
		};
/* End PBXGroup section */

/* Begin PBXNativeTarget section */
		A526F56E14D13C130075A1F9 /* LionScrollbarsSIMBLBundle */ = {
			isa = PBXNativeTarget;
			buildConfigurationList = A526F57A14D13C130075A1F9 /* Build configuration list for PBXNativeTarget "LionScrollbarsSIMBLBundle" */;
			buildPhases = (
				A526F56B14D13C130075A1F9 /* Sources */,
				A526F56C14D13C130075A1F9 /* Frameworks */,
				A526F56D14D13C130075A1F9 /* Resources */,
			);
			buildRules = (
			);
			dependencies = (
			);
			name = LionScrollbarsSIMBLBundle;
			productName = LionScrollbarsSIMBLBundleExp;
			productReference = A526F56F14D13C130075A1F9 /* LionScrollbarsSIMBLBundle.bundle */;
			productType = "com.apple.product-type.bundle";
		};
		A53EDB3313E458D500274EC2 /* LionScrollbars */ = {
			isa = PBXNativeTarget;
			buildConfigurationList = A53EDB5213E458D500274EC2 /* Build configuration list for PBXNativeTarget "LionScrollbars" */;
			buildPhases = (
				A53EDB3013E458D500274EC2 /* Sources */,
				A53EDB3113E458D500274EC2 /* Frameworks */,
				A53EDB3213E458D500274EC2 /* Resources */,
			);
			buildRules = (
			);
			dependencies = (
				A582E0C414D2A2050033624B /* PBXTargetDependency */,
			);
			name = LionScrollbars;
			productName = LionScollbars;
			productReference = A53EDB3413E458D500274EC2 /* LionScrollbars.app */;
			productType = "com.apple.product-type.application";
		};
		A56B03D414D142E2002B858C /* LionScrollbarsSIMBLBundlePrototype */ = {
			isa = PBXNativeTarget;
			buildConfigurationList = A56B03E014D142E2002B858C /* Build configuration list for PBXNativeTarget "LionScrollbarsSIMBLBundlePrototype" */;
			buildPhases = (
				A56B03D114D142E2002B858C /* Sources */,
				A56B03D214D142E2002B858C /* Frameworks */,
				A56B03D314D142E2002B858C /* Resources */,
			);
			buildRules = (
			);
			dependencies = (
			);
			name = LionScrollbarsSIMBLBundlePrototype;
			productName = LionScrollbarsSIMBLBundlePrototype;
			productReference = A56B03D514D142E2002B858C /* LionScrollbarsSIMBLBundlePrototype.bundle */;
			productType = "com.apple.product-type.bundle";
		};
		A5AF349814D13B6E00F292CD /* ScrollbarInject */ = {
			isa = PBXNativeTarget;
			buildConfigurationList = A5AF34AE14D13B6F00F292CD /* Build configuration list for PBXNativeTarget "ScrollbarInject" */;
			buildPhases = (
				A5AF349514D13B6E00F292CD /* Sources */,
				A5AF349614D13B6E00F292CD /* Frameworks */,
				A5AF349714D13B6E00F292CD /* Resources */,
			);
			buildRules = (
			);
			dependencies = (
				A56B03C714D13CCD002B858C /* PBXTargetDependency */,
			);
			name = ScrollbarInject;
			productName = ScrollbarInject;
			productReference = A5AF349914D13B6E00F292CD /* ScrollbarInject.app */;
			productType = "com.apple.product-type.application";
		};
/* End PBXNativeTarget section */

/* Begin PBXProject section */
		A53EDB2B13E458D500274EC2 /* Project object */ = {
			isa = PBXProject;
			attributes = {
				ORGANIZATIONNAME = "Dain Kaplan";
			};
			buildConfigurationList = A53EDB2E13E458D500274EC2 /* Build configuration list for PBXProject "LionScrollbars" */;
			compatibilityVersion = "Xcode 3.2";
			developmentRegion = English;
			hasScannedForEncodings = 0;
			knownRegions = (
				en,
				ja,
			);
			mainGroup = A53EDB2913E458D500274EC2;
			productRefGroup = A53EDB3513E458D500274EC2 /* Products */;
			projectDirPath = "";
			projectRoot = "";
			targets = (
				A53EDB3313E458D500274EC2 /* LionScrollbars */,
				A5AF349814D13B6E00F292CD /* ScrollbarInject */,
				A526F56E14D13C130075A1F9 /* LionScrollbarsSIMBLBundle */,
				A56B03D414D142E2002B858C /* LionScrollbarsSIMBLBundlePrototype */,
			);
		};
/* End PBXProject section */

/* Begin PBXResourcesBuildPhase section */
		A526F56D14D13C130075A1F9 /* Resources */ = {
			isa = PBXResourcesBuildPhase;
			buildActionMask = 2147483647;
			files = (
				A526F57614D13C130075A1F9 /* InfoPlist.strings in Resources */,
			);
			runOnlyForDeploymentPostprocessing = 0;
		};
		A53EDB3213E458D500274EC2 /* Resources */ = {
			isa = PBXResourcesBuildPhase;
			buildActionMask = 2147483647;
			files = (
				A582E0C614D2A20D0033624B /* LionScrollbarsSIMBLBundle.bundle in Resources */,
				A53EDB4313E458D500274EC2 /* InfoPlist.strings in Resources */,
				A53EDB4913E458D500274EC2 /* Credits.rtf in Resources */,
				A53EDB4F13E458D500274EC2 /* MainMenu.xib in Resources */,
				A53EDB6913E5997400274EC2 /* LionScrollbars.icns in Resources */,
				A5DE3EB413F8161000113727 /* LionScrollbars.png in Resources */,
				A59BDBF514C911AC000B6588 /* Localizable.strings in Resources */,
				A57BBB3314D4337900189114 /* SIMBL-0.9.9.pkg in Resources */,
				A57BBB3614D4396100189114 /* SIMBL Uninstaller.app in Resources */,
				A57BBB3714D4396100189114 /* SIMBL-License-GNU_GPL_v2.txt in Resources */,
			);
			runOnlyForDeploymentPostprocessing = 0;
		};
		A56B03D314D142E2002B858C /* Resources */ = {
			isa = PBXResourcesBuildPhase;
			buildActionMask = 2147483647;
			files = (
				A56B03DC14D142E2002B858C /* InfoPlist.strings in Resources */,
			);
			runOnlyForDeploymentPostprocessing = 0;
		};
		A5AF349714D13B6E00F292CD /* Resources */ = {
			isa = PBXResourcesBuildPhase;
			buildActionMask = 2147483647;
			files = (
				A56B03C814D13CD2002B858C /* LionScrollbarsSIMBLBundle.bundle in Resources */,
				A5AF34A114D13B6F00F292CD /* InfoPlist.strings in Resources */,
				A5AF34A714D13B6F00F292CD /* Credits.rtf in Resources */,
				A5AF34AD14D13B6F00F292CD /* MainMenu.xib in Resources */,
				A56B03C514D13CB3002B858C /* image1.jpg in Resources */,
			);
			runOnlyForDeploymentPostprocessing = 0;
		};
/* End PBXResourcesBuildPhase section */

/* Begin PBXSourcesBuildPhase section */
		A526F56B14D13C130075A1F9 /* Sources */ = {
			isa = PBXSourcesBuildPhase;
			buildActionMask = 2147483647;
			files = (
				A582E0CA14D2AE380033624B /* NSObject+DefaultsAdditions.m in Sources */,
				A56B03C914D13D0F002B858C /* DefaultsManager.m in Sources */,
				A56B03BE14D13C5D002B858C /* HackedLegacyScroller.m in Sources */,
				A56B03BF14D13C5D002B858C /* HackedOverlayScroller.m in Sources */,
				A56B03C014D13C5D002B858C /* Hacking.m in Sources */,
				A56B03C114D13C5D002B858C /* LSBPlugin.m in Sources */,
				A56B03C214D13C5D002B858C /* NSScrollerImpHack.m in Sources */,
				A582E0CE14D2B0D40033624B /* HackedScrollers+DefaultsAdditions.m in Sources */,
				A57BBB3114D3C8F800189114 /* HackedScrollersUserDefaults.m in Sources */,
			);
			runOnlyForDeploymentPostprocessing = 0;
		};
		A53EDB3013E458D500274EC2 /* Sources */ = {
			isa = PBXSourcesBuildPhase;
			buildActionMask = 2147483647;
			files = (
				A53EDB4513E458D500274EC2 /* main.m in Sources */,
				A53EDB4C13E458D500274EC2 /* LionScrollbarsAppDelegate.m in Sources */,
				A53EDB5B13E50ACD00274EC2 /* PopUpButtonCellView.m in Sources */,
				A56606A913E64563008C3FE1 /* DefaultsManager.m in Sources */,
				A5E399A813F8E13A001DE87E /* ScrollbarsDefaultsManager.m in Sources */,
				A5564D2614C8F3A80007FA0E /* NSRunningApplication+RelaunchAdditions.m in Sources */,
				A582E0C914D2ADCD0033624B /* NSObject+DefaultsAdditions.m in Sources */,
				A57BBB3014D3C8E600189114 /* HackedScrollersUserDefaults.m in Sources */,
			);
			runOnlyForDeploymentPostprocessing = 0;
		};
		A56B03D114D142E2002B858C /* Sources */ = {
			isa = PBXSourcesBuildPhase;
			buildActionMask = 2147483647;
			files = (
				A582E0D614D302CA0033624B /* DefaultsManager.m in Sources */,
				A56B03EC14D14349002B858C /* HackedOverlayScroller.m in Sources */,
				A56B03ED14D14349002B858C /* Hacking.m in Sources */,
				A56B03EE14D14349002B858C /* LSBPlugin.m in Sources */,
				A56B03EF14D14349002B858C /* NSScroller+HackedHooks.m in Sources */,
				A56B03F014D14349002B858C /* NSScrollView+HackedAdditions.m in Sources */,
			);
			runOnlyForDeploymentPostprocessing = 0;
		};
		A5AF349514D13B6E00F292CD /* Sources */ = {
			isa = PBXSourcesBuildPhase;
			buildActionMask = 2147483647;
			files = (
				A5AF34A314D13B6F00F292CD /* main.m in Sources */,
				A5AF34AA14D13B6F00F292CD /* ScrollbarInjectAppDelegate.m in Sources */,
			);
			runOnlyForDeploymentPostprocessing = 0;
		};
/* End PBXSourcesBuildPhase section */

/* Begin PBXTargetDependency section */
		A56B03C714D13CCD002B858C /* PBXTargetDependency */ = {
			isa = PBXTargetDependency;
			target = A526F56E14D13C130075A1F9 /* LionScrollbarsSIMBLBundle */;
			targetProxy = A56B03C614D13CCD002B858C /* PBXContainerItemProxy */;
		};
		A582E0C414D2A2050033624B /* PBXTargetDependency */ = {
			isa = PBXTargetDependency;
			target = A526F56E14D13C130075A1F9 /* LionScrollbarsSIMBLBundle */;
			targetProxy = A582E0C314D2A2050033624B /* PBXContainerItemProxy */;
		};
/* End PBXTargetDependency section */

/* Begin PBXVariantGroup section */
		A526F57414D13C130075A1F9 /* InfoPlist.strings */ = {
			isa = PBXVariantGroup;
			children = (
				A526F57514D13C130075A1F9 /* en */,
			);
			name = InfoPlist.strings;
			sourceTree = "<group>";
		};
		A53EDB4113E458D500274EC2 /* InfoPlist.strings */ = {
			isa = PBXVariantGroup;
			children = (
				A53EDB4213E458D500274EC2 /* en */,
			);
			name = InfoPlist.strings;
			sourceTree = "<group>";
		};
		A53EDB4713E458D500274EC2 /* Credits.rtf */ = {
			isa = PBXVariantGroup;
			children = (
				A53EDB4813E458D500274EC2 /* en */,
				A5F05C7614B8BEF700E5489A /* ja */,
			);
			name = Credits.rtf;
			sourceTree = "<group>";
		};
		A53EDB4D13E458D500274EC2 /* MainMenu.xib */ = {
			isa = PBXVariantGroup;
			children = (
				A53EDB4E13E458D500274EC2 /* en */,
				A57BBB3914D448C300189114 /* ja */,
			);
			name = MainMenu.xib;
			sourceTree = "<group>";
		};
		A56B03DA14D142E2002B858C /* InfoPlist.strings */ = {
			isa = PBXVariantGroup;
			children = (
				A56B03DB14D142E2002B858C /* en */,
			);
			name = InfoPlist.strings;
			sourceTree = "<group>";
		};
		A59BDBF714C911AC000B6588 /* Localizable.strings */ = {
			isa = PBXVariantGroup;
			children = (
				A59BDBF614C911AC000B6588 /* en */,
				A59BDBF814C911B4000B6588 /* ja */,
			);
			name = Localizable.strings;
			sourceTree = "<group>";
		};
		A5AF349F14D13B6F00F292CD /* InfoPlist.strings */ = {
			isa = PBXVariantGroup;
			children = (
				A5AF34A014D13B6F00F292CD /* en */,
			);
			name = InfoPlist.strings;
			sourceTree = "<group>";
		};
		A5AF34A514D13B6F00F292CD /* Credits.rtf */ = {
			isa = PBXVariantGroup;
			children = (
				A5AF34A614D13B6F00F292CD /* en */,
			);
			name = Credits.rtf;
			sourceTree = "<group>";
		};
		A5AF34AB14D13B6F00F292CD /* MainMenu.xib */ = {
			isa = PBXVariantGroup;
			children = (
				A5AF34AC14D13B6F00F292CD /* en */,
			);
			name = MainMenu.xib;
			sourceTree = "<group>";
		};
/* End PBXVariantGroup section */

/* Begin XCBuildConfiguration section */
		A526F57814D13C130075A1F9 /* Debug */ = {
			isa = XCBuildConfiguration;
			buildSettings = {
				GCC_PRECOMPILE_PREFIX_HEADER = YES;
				GCC_PREFIX_HEADER = "LionScrollbarsSIMBLBundle/LionScrollbarsSIMBLBundle-Prefix.pch";
				INFOPLIST_FILE = "LionScrollbarsSIMBLBundle/LionScrollbarsSIMBLBundle-Info.plist";
				INSTALL_PATH = "$(LOCAL_LIBRARY_DIR)/Bundles";
				PRODUCT_NAME = "$(TARGET_NAME)";
				WRAPPER_EXTENSION = bundle;
			};
			name = Debug;
		};
		A526F57914D13C130075A1F9 /* Release */ = {
			isa = XCBuildConfiguration;
			buildSettings = {
				GCC_PRECOMPILE_PREFIX_HEADER = YES;
				GCC_PREFIX_HEADER = "LionScrollbarsSIMBLBundle/LionScrollbarsSIMBLBundle-Prefix.pch";
				INFOPLIST_FILE = "LionScrollbarsSIMBLBundle/LionScrollbarsSIMBLBundle-Info.plist";
				INSTALL_PATH = "$(LOCAL_LIBRARY_DIR)/Bundles";
				PRODUCT_NAME = "$(TARGET_NAME)";
				WRAPPER_EXTENSION = bundle;
			};
			name = Release;
		};
		A53EDB5013E458D500274EC2 /* Debug */ = {
			isa = XCBuildConfiguration;
			buildSettings = {
				ALWAYS_SEARCH_USER_PATHS = NO;
				ARCHS = "$(ARCHS_STANDARD_64_BIT)";
				COPY_PHASE_STRIP = NO;
				GCC_C_LANGUAGE_STANDARD = gnu99;
				GCC_DYNAMIC_NO_PIC = NO;
				GCC_ENABLE_OBJC_EXCEPTIONS = YES;
				GCC_OPTIMIZATION_LEVEL = 0;
				GCC_PREPROCESSOR_DEFINITIONS = (
					"DEBUG=1",
					"$(inherited)",
				);
				GCC_SYMBOLS_PRIVATE_EXTERN = NO;
				GCC_VERSION = com.apple.compilers.llvm.clang.1_0;
				GCC_WARN_64_TO_32_BIT_CONVERSION = YES;
				GCC_WARN_ABOUT_MISSING_PROTOTYPES = YES;
				GCC_WARN_ABOUT_RETURN_TYPE = YES;
				GCC_WARN_UNUSED_VARIABLE = YES;
				MACOSX_DEPLOYMENT_TARGET = 10.7;
				ONLY_ACTIVE_ARCH = YES;
				PRODUCT_NAME = LionScrollbars;
				SDKROOT = macosx;
			};
			name = Debug;
		};
		A53EDB5113E458D500274EC2 /* Release */ = {
			isa = XCBuildConfiguration;
			buildSettings = {
				ALWAYS_SEARCH_USER_PATHS = NO;
				ARCHS = "$(ARCHS_STANDARD_64_BIT)";
				COPY_PHASE_STRIP = YES;
				DEBUG_INFORMATION_FORMAT = "dwarf-with-dsym";
				GCC_C_LANGUAGE_STANDARD = gnu99;
				GCC_ENABLE_OBJC_EXCEPTIONS = YES;
				GCC_VERSION = com.apple.compilers.llvm.clang.1_0;
				GCC_WARN_64_TO_32_BIT_CONVERSION = YES;
				GCC_WARN_ABOUT_MISSING_PROTOTYPES = YES;
				GCC_WARN_ABOUT_RETURN_TYPE = YES;
				GCC_WARN_UNUSED_VARIABLE = YES;
				MACOSX_DEPLOYMENT_TARGET = 10.7;
				PRODUCT_NAME = LionScrollbars;
				SDKROOT = macosx;
			};
			name = Release;
		};
		A53EDB5313E458D500274EC2 /* Debug */ = {
			isa = XCBuildConfiguration;
			buildSettings = {
				CODE_SIGN_IDENTITY = "";
				GCC_PRECOMPILE_PREFIX_HEADER = YES;
				GCC_PREFIX_HEADER = "LionScrollbars/LionScrollbars-Prefix.pch";
				INFOPLIST_FILE = "LionScrollbars/LionScrollbars-Info.plist";
				PRODUCT_NAME = LionScrollbars;
				WRAPPER_EXTENSION = app;
			};
			name = Debug;
		};
		A53EDB5413E458D500274EC2 /* Release */ = {
			isa = XCBuildConfiguration;
			buildSettings = {
				CODE_SIGN_IDENTITY = "";
				GCC_PRECOMPILE_PREFIX_HEADER = YES;
				GCC_PREFIX_HEADER = "LionScrollbars/LionScrollbars-Prefix.pch";
				INFOPLIST_FILE = "LionScrollbars/LionScrollbars-Info.plist";
				PRODUCT_NAME = LionScrollbars;
				WRAPPER_EXTENSION = app;
			};
			name = Release;
		};
		A56B03DE14D142E2002B858C /* Debug */ = {
			isa = XCBuildConfiguration;
			buildSettings = {
				GCC_PRECOMPILE_PREFIX_HEADER = YES;
				GCC_PREFIX_HEADER = "LionScrollbarsSIMBLBundlePrototype/LionScrollbarsSIMBLBundlePrototype-Prefix.pch";
				INFOPLIST_FILE = "LionScrollbarsSIMBLBundlePrototype/LionScrollbarsSIMBLBundlePrototype-Info.plist";
				INSTALL_PATH = "$(LOCAL_LIBRARY_DIR)/Bundles";
				PRODUCT_NAME = "$(TARGET_NAME)";
				WRAPPER_EXTENSION = bundle;
			};
			name = Debug;
		};
		A56B03DF14D142E2002B858C /* Release */ = {
			isa = XCBuildConfiguration;
			buildSettings = {
				GCC_PRECOMPILE_PREFIX_HEADER = YES;
				GCC_PREFIX_HEADER = "LionScrollbarsSIMBLBundlePrototype/LionScrollbarsSIMBLBundlePrototype-Prefix.pch";
				INFOPLIST_FILE = "LionScrollbarsSIMBLBundlePrototype/LionScrollbarsSIMBLBundlePrototype-Info.plist";
				INSTALL_PATH = "$(LOCAL_LIBRARY_DIR)/Bundles";
				PRODUCT_NAME = "$(TARGET_NAME)";
				WRAPPER_EXTENSION = bundle;
			};
			name = Release;
		};
		A5AF34AF14D13B6F00F292CD /* Debug */ = {
			isa = XCBuildConfiguration;
			buildSettings = {
				GCC_PRECOMPILE_PREFIX_HEADER = YES;
				GCC_PREFIX_HEADER = "ScrollbarInject/ScrollbarInject-Prefix.pch";
				INFOPLIST_FILE = "ScrollbarInject/ScrollbarInject-Info.plist";
				PRODUCT_NAME = "$(TARGET_NAME)";
				WRAPPER_EXTENSION = app;
			};
			name = Debug;
		};
		A5AF34B014D13B6F00F292CD /* Release */ = {
			isa = XCBuildConfiguration;
			buildSettings = {
				GCC_PRECOMPILE_PREFIX_HEADER = YES;
				GCC_PREFIX_HEADER = "ScrollbarInject/ScrollbarInject-Prefix.pch";
				INFOPLIST_FILE = "ScrollbarInject/ScrollbarInject-Info.plist";
				PRODUCT_NAME = "$(TARGET_NAME)";
				WRAPPER_EXTENSION = app;
			};
			name = Release;
		};
/* End XCBuildConfiguration section */

/* Begin XCConfigurationList section */
		A526F57A14D13C130075A1F9 /* Build configuration list for PBXNativeTarget "LionScrollbarsSIMBLBundle" */ = {
			isa = XCConfigurationList;
			buildConfigurations = (
				A526F57814D13C130075A1F9 /* Debug */,
				A526F57914D13C130075A1F9 /* Release */,
			);
			defaultConfigurationIsVisible = 0;
			defaultConfigurationName = Release;
		};
		A53EDB2E13E458D500274EC2 /* Build configuration list for PBXProject "LionScrollbars" */ = {
			isa = XCConfigurationList;
			buildConfigurations = (
				A53EDB5013E458D500274EC2 /* Debug */,
				A53EDB5113E458D500274EC2 /* Release */,
			);
			defaultConfigurationIsVisible = 0;
			defaultConfigurationName = Release;
		};
		A53EDB5213E458D500274EC2 /* Build configuration list for PBXNativeTarget "LionScrollbars" */ = {
			isa = XCConfigurationList;
			buildConfigurations = (
				A53EDB5313E458D500274EC2 /* Debug */,
				A53EDB5413E458D500274EC2 /* Release */,
			);
			defaultConfigurationIsVisible = 0;
			defaultConfigurationName = Release;
		};
		A56B03E014D142E2002B858C /* Build configuration list for PBXNativeTarget "LionScrollbarsSIMBLBundlePrototype" */ = {
			isa = XCConfigurationList;
			buildConfigurations = (
				A56B03DE14D142E2002B858C /* Debug */,
				A56B03DF14D142E2002B858C /* Release */,
			);
			defaultConfigurationIsVisible = 0;
			defaultConfigurationName = Release;
		};
		A5AF34AE14D13B6F00F292CD /* Build configuration list for PBXNativeTarget "ScrollbarInject" */ = {
			isa = XCConfigurationList;
			buildConfigurations = (
				A5AF34AF14D13B6F00F292CD /* Debug */,
				A5AF34B014D13B6F00F292CD /* Release */,
			);
			defaultConfigurationIsVisible = 0;
			defaultConfigurationName = Release;
		};
/* End XCConfigurationList section */
	};
	rootObject = A53EDB2B13E458D500274EC2 /* Project object */;
}
